
Microsoft Visual Studio Solution File, Format Version 12.00
# Visual Studio Version 17
VisualStudioVersion = 17.8.34330.188
MinimumVisualStudioVersion = 10.0.40219.1
Project("{FAE04EC0-301F-11D3-BF4B-00C04F79EFBC}") = "JS17.API", "JS17.API.csproj", "{FBCE61D9-3B82-4E35-B469-B6B427266EC4}"
EndProject
Global
	GlobalSection(SolutionConfigurationPlatforms) = preSolution
		Debug|Any CPU = Debug|Any CPU
		Release|Any CPU = Release|Any CPU
	EndGlobalSection
	GlobalSection(ProjectConfigurationPlatforms) = postSolution
		{FBCE61D9-3B82-4E35-B469-B6B427266EC4}.Debug|Any CPU.ActiveCfg = Debug|Any CPU
		{FBCE61D9-3B82-4E35-B469-B6B427266EC4}.Debug|Any CPU.Build.0 = Debug|Any CPU
		{FBCE61D9-3B82-4E35-B469-B6B427266EC4}.Release|Any CPU.ActiveCfg = Release|Any CPU
		{FBCE61D9-3B82-4E35-B469-B6B427266EC4}.Release|Any CPU.Build.0 = Release|Any CPU
	EndGlobalSection
	GlobalSection(SolutionProperties) = preSolution
		HideSolutionNode = FALSE
	EndGlobalSection
	GlobalSection(ExtensibilityGlobals) = postSolution
		SolutionGuid = {F70D3101-99B2-45FA-905F-658572F6E2FD}
	EndGlobalSection
EndGlobal
